// !$*UTF8*$!
{
	archiveVersion = 1;
	classes = {
	};
	objectVersion = 50;
	objects = {

/* Begin PBXBuildFile section */
		2792DC6C2510AC33005C59AF /* AppDelegate.swift in Sources */ = {isa = PBXBuildFile; fileRef = 2792DC6B2510AC33005C59AF /* AppDelegate.swift */; };
		2792DC6E2510AC33005C59AF /* SceneDelegate.swift in Sources */ = {isa = PBXBuildFile; fileRef = 2792DC6D2510AC33005C59AF /* SceneDelegate.swift */; };
		2792DC702510AC33005C59AF /* ViewController.swift in Sources */ = {isa = PBXBuildFile; fileRef = 2792DC6F2510AC33005C59AF /* ViewController.swift */; };
		2792DC732510AC33005C59AF /* Main.storyboard in Resources */ = {isa = PBXBuildFile; fileRef = 2792DC712510AC33005C59AF /* Main.storyboard */; };
		2792DC752510AC34005C59AF /* Assets.xcassets in Resources */ = {isa = PBXBuildFile; fileRef = 2792DC742510AC34005C59AF /* Assets.xcassets */; };
		2792DC782510AC34005C59AF /* LaunchScreen.storyboard in Resources */ = {isa = PBXBuildFile; fileRef = 2792DC762510AC34005C59AF /* LaunchScreen.storyboard */; };
		2792DC832510AC35005C59AF /* swift_BlockTests.swift in Sources */ = {isa = PBXBuildFile; fileRef = 2792DC822510AC35005C59AF /* swift_BlockTests.swift */; };
		2792DC8E2510AC35005C59AF /* swift_BlockUITests.swift in Sources */ = {isa = PBXBuildFile; fileRef = 2792DC8D2510AC35005C59AF /* swift_BlockUITests.swift */; };
/* End PBXBuildFile section */

/* Begin PBXContainerItemProxy section */
		2792DC7F2510AC35005C59AF /* PBXContainerItemProxy */ = {
			isa = PBXContainerItemProxy;
			containerPortal = 2792DC602510AC33005C59AF /* Project object */;
			proxyType = 1;
			remoteGlobalIDString = 2792DC672510AC33005C59AF;
			remoteInfo = "swift-Block";
		};
		2792DC8A2510AC35005C59AF /* PBXContainerItemProxy */ = {
			isa = PBXContainerItemProxy;
			containerPortal = 2792DC602510AC33005C59AF /* Project object */;
			proxyType = 1;
			remoteGlobalIDString = 2792DC672510AC33005C59AF;
			remoteInfo = "swift-Block";
		};
/* End PBXContainerItemProxy section */

/* Begin PBXFileReference section */
		2792DC682510AC33005C59AF /* swift-Block.app */ = {isa = PBXFileReference; explicitFileType = wrapper.application; includeInIndex = 0; path = "swift-Block.app"; sourceTree = BUILT_PRODUCTS_DIR; };
		2792DC6B2510AC33005C59AF /* AppDelegate.swift */ = {isa = PBXFileReference; lastKnownFileType = sourcecode.swift; path = AppDelegate.swift; sourceTree = "<group>"; };
		2792DC6D2510AC33005C59AF /* SceneDelegate.swift */ = {isa = PBXFileReference; lastKnownFileType = sourcecode.swift; path = SceneDelegate.swift; sourceTree = "<group>"; };
		2792DC6F2510AC33005C59AF /* ViewController.swift */ = {isa = PBXFileReference; lastKnownFileType = sourcecode.swift; path = ViewController.swift; sourceTree = "<group>"; };
		2792DC722510AC33005C59AF /* Base */ = {isa = PBXFileReference; lastKnownFileType = file.storyboard; name = Base; path = Base.lproj/Main.storyboard; sourceTree = "<group>"; };
		2792DC742510AC34005C59AF /* Assets.xcassets */ = {isa = PBXFileReference; lastKnownFileType = folder.assetcatalog; path = Assets.xcassets; sourceTree = "<group>"; };
		2792DC772510AC34005C59AF /* Base */ = {isa = PBXFileReference; lastKnownFileType = file.storyboard; name = Base; path = Base.lproj/LaunchScreen.storyboard; sourceTree = "<group>"; };
		2792DC792510AC34005C59AF /* Info.plist */ = {isa = PBXFileReference; lastKnownFileType = text.plist.xml; path = Info.plist; sourceTree = "<group>"; };
		2792DC7E2510AC35005C59AF /* swift-BlockTests.xctest */ = {isa = PBXFileReference; explicitFileType = wrapper.cfbundle; includeInIndex = 0; path = "swift-BlockTests.xctest"; sourceTree = BUILT_PRODUCTS_DIR; };
		2792DC822510AC35005C59AF /* swift_BlockTests.swift */ = {isa = PBXFileReference; lastKnownFileType = sourcecode.swift; path = swift_BlockTests.swift; sourceTree = "<group>"; };
		2792DC842510AC35005C59AF /* Info.plist */ = {isa = PBXFileReference; lastKnownFileType = text.plist.xml; path = Info.plist; sourceTree = "<group>"; };
		2792DC892510AC35005C59AF /* swift-BlockUITests.xctest */ = {isa = PBXFileReference; explicitFileType = wrapper.cfbundle; includeInIndex = 0; path = "swift-BlockUITests.xctest"; sourceTree = BUILT_PRODUCTS_DIR; };
		2792DC8D2510AC35005C59AF /* swift_BlockUITests.swift */ = {isa = PBXFileReference; lastKnownFileType = sourcecode.swift; path = swift_BlockUITests.swift; sourceTree = "<group>"; };
		2792DC8F2510AC35005C59AF /* Info.plist */ = {isa = PBXFileReference; lastKnownFileType = text.plist.xml; path = Info.plist; sourceTree = "<group>"; };
/* End PBXFileReference section */

/* Begin PBXFrameworksBuildPhase section */
		2792DC652510AC33005C59AF /* Frameworks */ = {
			isa = PBXFrameworksBuildPhase;
			buildActionMask = 2147483647;
			files = (
			);
			runOnlyForDeploymentPostprocessing = 0;
		};
		2792DC7B2510AC35005C59AF /* Frameworks */ = {
			isa = PBXFrameworksBuildPhase;
			buildActionMask = 2147483647;
			files = (
			);
			runOnlyForDeploymentPostprocessing = 0;
		};
		2792DC862510AC35005C59AF /* Frameworks */ = {
			isa = PBXFrameworksBuildPhase;
			buildActionMask = 2147483647;
			files = (
			);
			runOnlyForDeploymentPostprocessing = 0;
		};
/* End PBXFrameworksBuildPhase section */

/* Begin PBXGroup section */
		2792DC5F2510AC33005C59AF = {
			isa = PBXGroup;
			children = (
				2792DC6A2510AC33005C59AF /* swift-Block */,
				2792DC812510AC35005C59AF /* swift-BlockTests */,
				2792DC8C2510AC35005C59AF /* swift-BlockUITests */,
				2792DC692510AC33005C59AF /* Products */,
			);
			sourceTree = "<group>";
		};
		2792DC692510AC33005C59AF /* Products */ = {
			isa = PBXGroup;
			children = (
				2792DC682510AC33005C59AF /* swift-Block.app */,
				2792DC7E2510AC35005C59AF /* swift-BlockTests.xctest */,
				2792DC892510AC35005C59AF /* swift-BlockUITests.xctest */,
			);
			name = Products;
			sourceTree = "<group>";
		};
		2792DC6A2510AC33005C59AF /* swift-Block */ = {
			isa = PBXGroup;
			children = (
				2792DC6B2510AC33005C59AF /* AppDelegate.swift */,
				2792DC6D2510AC33005C59AF /* SceneDelegate.swift */,
				2792DC6F2510AC33005C59AF /* ViewController.swift */,
				2792DC712510AC33005C59AF /* Main.storyboard */,
				2792DC742510AC34005C59AF /* Assets.xcassets */,
				2792DC762510AC34005C59AF /* LaunchScreen.storyboard */,
				2792DC792510AC34005C59AF /* Info.plist */,
			);
			path = "swift-Block";
			sourceTree = "<group>";
		};
		2792DC812510AC35005C59AF /* swift-BlockTests */ = {
			isa = PBXGroup;
			children = (
				2792DC822510AC35005C59AF /* swift_BlockTests.swift */,
				2792DC842510AC35005C59AF /* Info.plist */,
			);
			path = "swift-BlockTests";
			sourceTree = "<group>";
		};
		2792DC8C2510AC35005C59AF /* swift-BlockUITests */ = {
			isa = PBXGroup;
			children = (
				2792DC8D2510AC35005C59AF /* swift_BlockUITests.swift */,
				2792DC8F2510AC35005C59AF /* Info.plist */,
			);
			path = "swift-BlockUITests";
			sourceTree = "<group>";
		};
/* End PBXGroup section */

/* Begin PBXNativeTarget section */
		2792DC672510AC33005C59AF /* swift-Block */ = {
			isa = PBXNativeTarget;
			buildConfigurationList = 2792DC922510AC35005C59AF /* Build configuration list for PBXNativeTarget "swift-Block" */;
			buildPhases = (
				2792DC642510AC33005C59AF /* Sources */,
				2792DC652510AC33005C59AF /* Frameworks */,
				2792DC662510AC33005C59AF /* Resources */,
			);
			buildRules = (
			);
			dependencies = (
			);
			name = "swift-Block";
			productName = "swift-Block";
			productReference = 2792DC682510AC33005C59AF /* swift-Block.app */;
			productType = "com.apple.product-type.application";
		};
		2792DC7D2510AC35005C59AF /* swift-BlockTests */ = {
			isa = PBXNativeTarget;
			buildConfigurationList = 2792DC952510AC35005C59AF /* Build configuration list for PBXNativeTarget "swift-BlockTests" */;
			buildPhases = (
				2792DC7A2510AC35005C59AF /* Sources */,
				2792DC7B2510AC35005C59AF /* Frameworks */,
				2792DC7C2510AC35005C59AF /* Resources */,
			);
			buildRules = (
			);
			dependencies = (
				2792DC802510AC35005C59AF /* PBXTargetDependency */,
			);
			name = "swift-BlockTests";
			productName = "swift-BlockTests";
			productReference = 2792DC7E2510AC35005C59AF /* swift-BlockTests.xctest */;
			productType = "com.apple.product-type.bundle.unit-test";
		};
		2792DC882510AC35005C59AF /* swift-BlockUITests */ = {
			isa = PBXNativeTarget;
			buildConfigurationList = 2792DC982510AC35005C59AF /* Build configuration list for PBXNativeTarget "swift-BlockUITests" */;
			buildPhases = (
				2792DC852510AC35005C59AF /* Sources */,
				2792DC862510AC35005C59AF /* Frameworks */,
				2792DC872510AC35005C59AF /* Resources */,
			);
			buildRules = (
			);
			dependencies = (
				2792DC8B2510AC35005C59AF /* PBXTargetDependency */,
			);
			name = "swift-BlockUITests";
			productName = "swift-BlockUITests";
			productReference = 2792DC892510AC35005C59AF /* swift-BlockUITests.xctest */;
			productType = "com.apple.product-type.bundle.ui-testing";
		};
/* End PBXNativeTarget section */

/* Begin PBXProject section */
		2792DC602510AC33005C59AF /* Project object */ = {
			isa = PBXProject;
			attributes = {
				LastSwiftUpdateCheck = 1170;
				LastUpgradeCheck = 1170;
				ORGANIZATIONNAME = huangxin;
				TargetAttributes = {
					2792DC672510AC33005C59AF = {
						CreatedOnToolsVersion = 11.7;
					};
					2792DC7D2510AC35005C59AF = {
						CreatedOnToolsVersion = 11.7;
						TestTargetID = 2792DC672510AC33005C59AF;
					};
					2792DC882510AC35005C59AF = {
						CreatedOnToolsVersion = 11.7;
						TestTargetID = 2792DC672510AC33005C59AF;
					};
				};
			};
			buildConfigurationList = 2792DC632510AC33005C59AF /* Build configuration list for PBXProject "swift-Block" */;
			compatibilityVersion = "Xcode 9.3";
			developmentRegion = en;
			hasScannedForEncodings = 0;
			knownRegions = (
				en,
				Base,
			);
			mainGroup = 2792DC5F2510AC33005C59AF;
			productRefGroup = 2792DC692510AC33005C59AF /* Products */;
			projectDirPath = "";
			projectRoot = "";
			targets = (
				2792DC672510AC33005C59AF /* swift-Block */,
				2792DC7D2510AC35005C59AF /* swift-BlockTests */,
				2792DC882510AC35005C59AF /* swift-BlockUITests */,
			);
		};
/* End PBXProject section */

/* Begin PBXResourcesBuildPhase section */
		2792DC662510AC33005C59AF /* Resources */ = {
			isa = PBXResourcesBuildPhase;
			buildActionMask = 2147483647;
			files = (
				2792DC782510AC34005C59AF /* LaunchScreen.storyboard in Resources */,
				2792DC752510AC34005C59AF /* Assets.xcassets in Resources */,
				2792DC732510AC33005C59AF /* Main.storyboard in Resources */,
			);
			runOnlyForDeploymentPostprocessing = 0;
		};
		2792DC7C2510AC35005C59AF /* Resources */ = {
			isa = PBXResourcesBuildPhase;
			buildActionMask = 2147483647;
			files = (
			);
			runOnlyForDeploymentPostprocessing = 0;
		};
		2792DC872510AC35005C59AF /* Resources */ = {
			isa = PBXResourcesBuildPhase;
			buildActionMask = 2147483647;
			files = (
			);
			runOnlyForDeploymentPostprocessing = 0;
		};
/* End PBXResourcesBuildPhase section */

/* Begin PBXSourcesBuildPhase section */
		2792DC642510AC33005C59AF /* Sources */ = {
			isa = PBXSourcesBuildPhase;
			buildActionMask = 2147483647;
			files = (
				2792DC702510AC33005C59AF /* ViewController.swift in Sources */,
				2792DC6C2510AC33005C59AF /* AppDelegate.swift in Sources */,
				2792DC6E2510AC33005C59AF /* SceneDelegate.swift in Sources */,
			);
			runOnlyForDeploymentPostprocessing = 0;
		};
		2792DC7A2510AC35005C59AF /* Sources */ = {
			isa = PBXSourcesBuildPhase;
			buildActionMask = 2147483647;
			files = (
				2792DC832510AC35005C59AF /* swift_BlockTests.swift in Sources */,
			);
			runOnlyForDeploymentPostprocessing = 0;
		};
		2792DC852510AC35005C59AF /* Sources */ = {
			isa = PBXSourcesBuildPhase;
			buildActionMask = 2147483647;
			files = (
				2792DC8E2510AC35005C59AF /* swift_BlockUITests.swift in Sources */,
			);
			runOnlyForDeploymentPostprocessing = 0;
		};
/* End PBXSourcesBuildPhase section */

/* Begin PBXTargetDependency section */
		2792DC802510AC35005C59AF /* PBXTargetDependency */ = {
			isa = PBXTargetDependency;
			target = 2792DC672510AC33005C59AF /* swift-Block */;
			targetProxy = 2792DC7F2510AC35005C59AF /* PBXContainerItemProxy */;
		};
		2792DC8B2510AC35005C59AF /* PBXTargetDependency */ = {
			isa = PBXTargetDependency;
			target = 2792DC672510AC33005C59AF /* swift-Block */;
			targetProxy = 2792DC8A2510AC35005C59AF /* PBXContainerItemProxy */;
		};
/* End PBXTargetDependency section */

/* Begin PBXVariantGroup section */
		2792DC712510AC33005C59AF /* Main.storyboard */ = {
			isa = PBXVariantGroup;
			children = (
				2792DC722510AC33005C59AF /* Base */,
			);
			name = Main.storyboard;
			sourceTree = "<group>";
		};
		2792DC762510AC34005C59AF /* LaunchScreen.storyboard */ = {
			isa = PBXVariantGroup;
			children = (
				2792DC772510AC34005C59AF /* Base */,
			);
			name = LaunchScreen.storyboard;
			sourceTree = "<group>";
		};
/* End PBXVariantGroup section */

/* Begin XCBuildConfiguration section */
		2792DC902510AC35005C59AF /* Debug */ = {
			isa = XCBuildConfiguration;
			buildSettings = {
				ALWAYS_SEARCH_USER_PATHS = NO;
				CLANG_ANALYZER_NONNULL = YES;
				CLANG_ANALYZER_NUMBER_OBJECT_CONVERSION = YES_AGGRESSIVE;
				CLANG_CXX_LANGUAGE_STANDARD = "gnu++14";
				CLANG_CXX_LIBRARY = "libc++";
				CLANG_ENABLE_MODULES = YES;
				CLANG_ENABLE_OBJC_ARC = YES;
				CLANG_ENABLE_OBJC_WEAK = YES;
				CLANG_WARN_BLOCK_CAPTURE_AUTORELEASING = YES;
				CLANG_WARN_BOOL_CONVERSION = YES;
				CLANG_WARN_COMMA = YES;
				CLANG_WARN_CONSTANT_CONVERSION = YES;
				CLANG_WARN_DEPRECATED_OBJC_IMPLEMENTATIONS = YES;
				CLANG_WARN_DIRECT_OBJC_ISA_USAGE = YES_ERROR;
				CLANG_WARN_DOCUMENTATION_COMMENTS = YES;
				CLANG_WARN_EMPTY_BODY = YES;
				CLANG_WARN_ENUM_CONVERSION = YES;
				CLANG_WARN_INFINITE_RECURSION = YES;
				CLANG_WARN_INT_CONVERSION = YES;
				CLANG_WARN_NON_LITERAL_NULL_CONVERSION = YES;
				CLANG_WARN_OBJC_IMPLICIT_RETAIN_SELF = YES;
				CLANG_WARN_OBJC_LITERAL_CONVERSION = YES;
				CLANG_WARN_OBJC_ROOT_CLASS = YES_ERROR;
				CLANG_WARN_RANGE_LOOP_ANALYSIS = YES;
				CLANG_WARN_STRICT_PROTOTYPES = YES;
				CLANG_WARN_SUSPICIOUS_MOVE = YES;
				CLANG_WARN_UNGUARDED_AVAILABILITY = YES_AGGRESSIVE;
				CLANG_WARN_UNREACHABLE_CODE = YES;
				CLANG_WARN__DUPLICATE_METHOD_MATCH = YES;
				COPY_PHASE_STRIP = NO;
				DEBUG_INFORMATION_FORMAT = dwarf;
				ENABLE_STRICT_OBJC_MSGSEND = YES;
				ENABLE_TESTABILITY = YES;
				GCC_C_LANGUAGE_STANDARD = gnu11;
				GCC_DYNAMIC_NO_PIC = NO;
				GCC_NO_COMMON_BLOCKS = YES;
				GCC_OPTIMIZATION_LEVEL = 0;
				GCC_PREPROCESSOR_DEFINITIONS = (
					"DEBUG=1",
					"$(inherited)",
				);
				GCC_WARN_64_TO_32_BIT_CONVERSION = YES;
				GCC_WARN_ABOUT_RETURN_TYPE = YES_ERROR;
				GCC_WARN_UNDECLARED_SELECTOR = YES;
				GCC_WARN_UNINITIALIZED_AUTOS = YES_AGGRESSIVE;
				GCC_WARN_UNUSED_FUNCTION = YES;
				GCC_WARN_UNUSED_VARIABLE = YES;
				IPHONEOS_DEPLOYMENT_TARGET = 13.7;
				MTL_ENABLE_DEBUG_INFO = INCLUDE_SOURCE;
				MTL_FAST_MATH = YES;
				ONLY_ACTIVE_ARCH = YES;
				SDKROOT = iphoneos;
				SWIFT_ACTIVE_COMPILATION_CONDITIONS = DEBUG;
				SWIFT_OPTIMIZATION_LEVEL = "-Onone";
			};
			name = Debug;
		};
		2792DC912510AC35005C59AF /* Release */ = {
			isa = XCBuildConfiguration;
			buildSettings = {
				ALWAYS_SEARCH_USER_PATHS = NO;
				CLANG_ANALYZER_NONNULL = YES;
				CLANG_ANALYZER_NUMBER_OBJECT_CONVERSION = YES_AGGRESSIVE;
				CLANG_CXX_LANGUAGE_STANDARD = "gnu++14";
				CLANG_CXX_LIBRARY = "libc++";
				CLANG_ENABLE_MODULES = YES;
				CLANG_ENABLE_OBJC_ARC = YES;
				CLANG_ENABLE_OBJC_WEAK = YES;
				CLANG_WARN_BLOCK_CAPTURE_AUTORELEASING = YES;
				CLANG_WARN_BOOL_CONVERSION = YES;
				CLANG_WARN_COMMA = YES;
				CLANG_WARN_CONSTANT_CONVERSION = YES;
				CLANG_WARN_DEPRECATED_OBJC_IMPLEMENTATIONS = YES;
				CLANG_WARN_DIRECT_OBJC_ISA_USAGE = YES_ERROR;
				CLANG_WARN_DOCUMENTATION_COMMENTS = YES;
				CLANG_WARN_EMPTY_BODY = YES;
				CLANG_WARN_ENUM_CONVERSION = YES;
				CLANG_WARN_INFINITE_RECURSION = YES;
				CLANG_WARN_INT_CONVERSION = YES;
				CLANG_WARN_NON_LITERAL_NULL_CONVERSION = YES;
				CLANG_WARN_OBJC_IMPLICIT_RETAIN_SELF = YES;
				CLANG_WARN_OBJC_LITERAL_CONVERSION = YES;
				CLANG_WARN_OBJC_ROOT_CLASS = YES_ERROR;
				CLANG_WARN_RANGE_LOOP_ANALYSIS = YES;
				CLANG_WARN_STRICT_PROTOTYPES = YES;
				CLANG_WARN_SUSPICIOUS_MOVE = YES;
				CLANG_WARN_UNGUARDED_AVAILABILITY = YES_AGGRESSIVE;
				CLANG_WARN_UNREACHABLE_CODE = YES;
				CLANG_WARN__DUPLICATE_METHOD_MATCH = YES;
				COPY_PHASE_STRIP = NO;
				DEBUG_INFORMATION_FORMAT = "dwarf-with-dsym";
				ENABLE_NS_ASSERTIONS = NO;
				ENABLE_STRICT_OBJC_MSGSEND = YES;
				GCC_C_LANGUAGE_STANDARD = gnu11;
				GCC_NO_COMMON_BLOCKS = YES;
				GCC_WARN_64_TO_32_BIT_CONVERSION = YES;
				GCC_WARN_ABOUT_RETURN_TYPE = YES_ERROR;
				GCC_WARN_UNDECLARED_SELECTOR = YES;
				GCC_WARN_UNINITIALIZED_AUTOS = YES_AGGRESSIVE;
				GCC_WARN_UNUSED_FUNCTION = YES;
				GCC_WARN_UNUSED_VARIABLE = YES;
				IPHONEOS_DEPLOYMENT_TARGET = 13.7;
				MTL_ENABLE_DEBUG_INFO = NO;
				MTL_FAST_MATH = YES;
				SDKROOT = iphoneos;
				SWIFT_COMPILATION_MODE = wholemodule;
				SWIFT_OPTIMIZATION_LEVEL = "-O";
				VALIDATE_PRODUCT = YES;
			};
			name = Release;
		};
		2792DC932510AC35005C59AF /* Debug */ = {
			isa = XCBuildConfiguration;
			buildSettings = {
				ASSETCATALOG_COMPILER_APPICON_NAME = AppIcon;
				CODE_SIGN_STYLE = Automatic;
				DEVELOPMENT_TEAM = MLJA65Q2JF;
				INFOPLIST_FILE = "swift-Block/Info.plist";
				LD_RUNPATH_SEARCH_PATHS = (
					"$(inherited)",
					"@executable_path/Frameworks",
				);
				PRODUCT_BUNDLE_IDENTIFIER = "huangxin.swift-Block";
				PRODUCT_NAME = "$(TARGET_NAME)";
				SWIFT_VERSION = 5.0;
				TARGETED_DEVICE_FAMILY = "1,2";
			};
			name = Debug;
		};
		2792DC942510AC35005C59AF /* Release */ = {
			isa = XCBuildConfiguration;
			buildSettings = {
				ASSETCATALOG_COMPILER_APPICON_NAME = AppIcon;
				CODE_SIGN_STYLE = Automatic;
				DEVELOPMENT_TEAM = MLJA65Q2JF;
				INFOPLIST_FILE = "swift-Block/Info.plist";
				LD_RUNPATH_SEARCH_PATHS = (
					"$(inherited)",
					"@executable_path/Frameworks",
				);
				PRODUCT_BUNDLE_IDENTIFIER = "huangxin.swift-Block";
				PRODUCT_NAME = "$(TARGET_NAME)";
				SWIFT_VERSION = 5.0;
				TARGETED_DEVICE_FAMILY = "1,2";
			};
			name = Release;
		};
		2792DC962510AC35005C59AF /* Debug */ = {
			isa = XCBuildConfiguration;
			buildSettings = {
				ALWAYS_EMBED_SWIFT_STANDARD_LIBRARIES = YES;
				BUNDLE_LOADER = "$(TEST_HOST)";
				CODE_SIGN_STYLE = Automatic;
				DEVELOPMENT_TEAM = MLJA65Q2JF;
				INFOPLIST_FILE = "swift-BlockTests/Info.plist";
				IPHONEOS_DEPLOYMENT_TARGET = 13.7;
				LD_RUNPATH_SEARCH_PATHS = (
					"$(inherited)",
					"@executable_path/Frameworks",
					"@loader_path/Frameworks",
				);
				PRODUCT_BUNDLE_IDENTIFIER = "huangxin.swift-BlockTests";
				PRODUCT_NAME = "$(TARGET_NAME)";
				SWIFT_VERSION = 5.0;
				TARGETED_DEVICE_FAMILY = "1,2";
				TEST_HOST = "$(BUILT_PRODUCTS_DIR)/swift-Block.app/swift-Block";
			};
			name = Debug;
		};
		2792DC972510AC35005C59AF /* Release */ = {
			isa = XCBuildConfiguration;
			buildSettings = {
				ALWAYS_EMBED_SWIFT_STANDARD_LIBRARIES = YES;
				BUNDLE_LOADER = "$(TEST_HOST)";
				CODE_SIGN_STYLE = Automatic;
				DEVELOPMENT_TEAM = MLJA65Q2JF;
				INFOPLIST_FILE = "swift-BlockTests/Info.plist";
				IPHONEOS_DEPLOYMENT_TARGET = 13.7;
				LD_RUNPATH_SEARCH_PATHS = (
					"$(inherited)",
					"@executable_path/Frameworks",
					"@loader_path/Frameworks",
				);
				PRODUCT_BUNDLE_IDENTIFIER = "huangxin.swift-BlockTests";
				PRODUCT_NAME = "$(TARGET_NAME)";
				SWIFT_VERSION = 5.0;
				TARGETED_DEVICE_FAMILY = "1,2";
				TEST_HOST = "$(BUILT_PRODUCTS_DIR)/swift-Block.app/swift-Block";
			};
			name = Release;
		};
		2792DC992510AC35005C59AF /* Debug */ = {
			isa = XCBuildConfiguration;
			buildSettings = {
				ALWAYS_EMBED_SWIFT_STANDARD_LIBRARIES = YES;
				CODE_SIGN_STYLE = Automatic;
				DEVELOPMENT_TEAM = MLJA65Q2JF;
				INFOPLIST_FILE = "swift-BlockUITests/Info.plist";
				LD_RUNPATH_SEARCH_PATHS = (
					"$(inherited)",
					"@executable_path/Frameworks",
					"@loader_path/Frameworks",
				);
				PRODUCT_BUNDLE_IDENTIFIER = "huangxin.swift-BlockUITests";
				PRODUCT_NAME = "$(TARGET_NAME)";
				SWIFT_VERSION = 5.0;
				TARGETED_DEVICE_FAMILY = "1,2";
				TEST_TARGET_NAME = "swift-Block";
			};
			name = Debug;
		};
		2792DC9A2510AC35005C59AF /* Release */ = {
			isa = XCBuildConfiguration;
			buildSettings = {
				ALWAYS_EMBED_SWIFT_STANDARD_LIBRARIES = YES;
				CODE_SIGN_STYLE = Automatic;
				DEVELOPMENT_TEAM = MLJA65Q2JF;
				INFOPLIST_FILE = "swift-BlockUITests/Info.plist";
				LD_RUNPATH_SEARCH_PATHS = (
					"$(inherited)",
					"@executable_path/Frameworks",
					"@loader_path/Frameworks",
				);
				PRODUCT_BUNDLE_IDENTIFIER = "huangxin.swift-BlockUITests";
				PRODUCT_NAME = "$(TARGET_NAME)";
				SWIFT_VERSION = 5.0;
				TARGETED_DEVICE_FAMILY = "1,2";
				TEST_TARGET_NAME = "swift-Block";
			};
			name = Release;
		};
/* End XCBuildConfiguration section */

/* Begin XCConfigurationList section */
		2792DC632510AC33005C59AF /* Build configuration list for PBXProject "swift-Block" */ = {
			isa = XCConfigurationList;
			buildConfigurations = (
				2792DC902510AC35005C59AF /* Debug */,
				2792DC912510AC35005C59AF /* Release */,
			);
			defaultConfigurationIsVisible = 0;
			defaultConfigurationName = Release;
		};
		2792DC922510AC35005C59AF /* Build configuration list for PBXNativeTarget "swift-Block" */ = {
			isa = XCConfigurationList;
			buildConfigurations = (
				2792DC932510AC35005C59AF /* Debug */,
				2792DC942510AC35005C59AF /* Release */,
			);
			defaultConfigurationIsVisible = 0;
			defaultConfigurationName = Release;
		};
		2792DC952510AC35005C59AF /* Build configuration list for PBXNativeTarget "swift-BlockTests" */ = {
			isa = XCConfigurationList;
			buildConfigurations = (
				2792DC962510AC35005C59AF /* Debug */,
				2792DC972510AC35005C59AF /* Release */,
			);
			defaultConfigurationIsVisible = 0;
			defaultConfigurationName = Release;
		};
		2792DC982510AC35005C59AF /* Build configuration list for PBXNativeTarget "swift-BlockUITests" */ = {
			isa = XCConfigurationList;
			buildConfigurations = (
				2792DC992510AC35005C59AF /* Debug */,
				2792DC9A2510AC35005C59AF /* Release */,
			);
			defaultConfigurationIsVisible = 0;
			defaultConfigurationName = Release;
		};
/* End XCConfigurationList section */
	};
	rootObject = 2792DC602510AC33005C59AF /* Project object */;
}
